
Microsoft Visual Studio Solution File, Format Version 12.00
# Visual Studio Version 17
VisualStudioVersion = 17.10.34928.147
MinimumVisualStudioVersion = 10.0.40219.1
Project("{FAE04EC0-301F-11D3-BF4B-00C04F79EFBC}") = "CantaBılgı", "CantaBılgı.csproj", "{CBDEAE1F-FE49-472F-A35C-668FF3EF6053}"
EndProject
Global
	GlobalSection(SolutionConfigurationPlatforms) = preSolution
		Debug|Any CPU = Debug|Any CPU
		Release|Any CPU = Release|Any CPU
	EndGlobalSection
	GlobalSection(ProjectConfigurationPlatforms) = postSolution
		{CBDEAE1F-FE49-472F-A35C-668FF3EF6053}.Debug|Any CPU.ActiveCfg = Debug|Any CPU
		{CBDEAE1F-FE49-472F-A35C-668FF3EF6053}.Debug|Any CPU.Build.0 = Debug|Any CPU
		{CBDEAE1F-FE49-472F-A35C-668FF3EF6053}.Release|Any CPU.ActiveCfg = Release|Any CPU
		{CBDEAE1F-FE49-472F-A35C-668FF3EF6053}.Release|Any CPU.Build.0 = Release|Any CPU
	EndGlobalSection
	GlobalSection(SolutionProperties) = preSolution
		HideSolutionNode = FALSE
	EndGlobalSection
	GlobalSection(ExtensibilityGlobals) = postSolution
		SolutionGuid = {1EE663E1-4CE8-4F28-90A5-5A1212FE9947}
	EndGlobalSection
EndGlobal
